// !$*UTF8*$!
{
	archiveVersion = 1;
	classes = {
	};
	objectVersion = 46;
	objects = {

/* Begin PBXBuildFile section */
		030F4BE61507C2E200238A79 /* UIKit.framework in Frameworks */ = {isa = PBXBuildFile; fileRef = 030F4BE51507C2E200238A79 /* UIKit.framework */; };
		030F4BE81507C2E200238A79 /* Foundation.framework in Frameworks */ = {isa = PBXBuildFile; fileRef = 030F4BE71507C2E200238A79 /* Foundation.framework */; };
		030F4BEA1507C2E200238A79 /* CoreGraphics.framework in Frameworks */ = {isa = PBXBuildFile; fileRef = 030F4BE91507C2E200238A79 /* CoreGraphics.framework */; };
		030F4BF01507C2E200238A79 /* InfoPlist.strings in Resources */ = {isa = PBXBuildFile; fileRef = 030F4BEE1507C2E200238A79 /* InfoPlist.strings */; };
		030F4BF21507C2E200238A79 /* main.m in Sources */ = {isa = PBXBuildFile; fileRef = 030F4BF11507C2E200238A79 /* main.m */; };
		030F4BF61507C2E200238A79 /* DrNgooAppDelegate.m in Sources */ = {isa = PBXBuildFile; fileRef = 030F4BF51507C2E200238A79 /* DrNgooAppDelegate.m */; };
		030F4C151507CB8400238A79 /* DrNgooHomeViewController.m in Sources */ = {isa = PBXBuildFile; fileRef = 030F4C131507CB8400238A79 /* DrNgooHomeViewController.m */; };
		030F4C161507CB8400238A79 /* DrNgooHomeViewController.xib in Resources */ = {isa = PBXBuildFile; fileRef = 030F4C141507CB8400238A79 /* DrNgooHomeViewController.xib */; };
		030F4C291507CC1300238A79 /* DrNgooCureViewController.m in Sources */ = {isa = PBXBuildFile; fileRef = 030F4C271507CC1300238A79 /* DrNgooCureViewController.m */; };
		030F4C2A1507CC1300238A79 /* DrNgooCureViewController.xib in Resources */ = {isa = PBXBuildFile; fileRef = 030F4C281507CC1300238A79 /* DrNgooCureViewController.xib */; };
		030F4C2E1507CC2A00238A79 /* DrNgooOptionViewController.m in Sources */ = {isa = PBXBuildFile; fileRef = 030F4C2C1507CC2A00238A79 /* DrNgooOptionViewController.m */; };
		0328D564150E564300091186 /* DrNgooCheckListViewController.m in Sources */ = {isa = PBXBuildFile; fileRef = 0328D563150E564300091186 /* DrNgooCheckListViewController.m */; };
		0328D56E150E76D300091186 /* OptionList.plist in Resources */ = {isa = PBXBuildFile; fileRef = 0328D56D150E76D300091186 /* OptionList.plist */; };
		0328D570150E7DC100091186 /* SystemConfiguration.framework in Frameworks */ = {isa = PBXBuildFile; fileRef = 0328D56F150E7DC100091186 /* SystemConfiguration.framework */; };
		035461131518DEF200B44D11 /* ImageDownLoad.m in Sources */ = {isa = PBXBuildFile; fileRef = 035461121518DEF200B44D11 /* ImageDownLoad.m */; };
		0385584E150E4A8400CD1A51 /* FinderList.plist in Resources */ = {isa = PBXBuildFile; fileRef = 0385584D150E4A8400CD1A51 /* FinderList.plist */; };
		03ADA33E15107E680049CE71 /* thumb_s1.png in Resources */ = {isa = PBXBuildFile; fileRef = 03ADA33D15107E680049CE71 /* thumb_s1.png */; };
		03ADA349151082C50049CE71 /* DrNgooShowDetailViewController.m in Sources */ = {isa = PBXBuildFile; fileRef = 03ADA347151082C50049CE71 /* DrNgooShowDetailViewController.m */; };
		03ADA34A151082C50049CE71 /* DrNgooShowDetailViewController.xib in Resources */ = {isa = PBXBuildFile; fileRef = 03ADA348151082C50049CE71 /* DrNgooShowDetailViewController.xib */; };
		03C1F1BE150D98BF00CED02D /* libsqlite3.0.dylib in Frameworks */ = {isa = PBXBuildFile; fileRef = 03C1F1BD150D98BF00CED02D /* libsqlite3.0.dylib */; };
		03C1F20A150E01CF00CED02D /* DrNgooFinderViewController.m in Sources */ = {isa = PBXBuildFile; fileRef = 03C1F208150E01CE00CED02D /* DrNgooFinderViewController.m */; };
		03C5DD59151045F900D8AA97 /* DrNgooSnakeCell.m in Sources */ = {isa = PBXBuildFile; fileRef = 03C5DD58151045F900D8AA97 /* DrNgooSnakeCell.m */; };
		03C5DD681510475000D8AA97 /* blueButton.png in Resources */ = {isa = PBXBuildFile; fileRef = 03C5DD5B1510475000D8AA97 /* blueButton.png */; };
		03C5DD691510475000D8AA97 /* 01-home.png in Resources */ = {isa = PBXBuildFile; fileRef = 03C5DD5E1510475000D8AA97 /* 01-home.png */; };
		03C5DD6A1510475000D8AA97 /* 02-magnify.png in Resources */ = {isa = PBXBuildFile; fileRef = 03C5DD5F1510475000D8AA97 /* 02-magnify.png */; };
		03C5DD6B1510475000D8AA97 /* 03-radar.png in Resources */ = {isa = PBXBuildFile; fileRef = 03C5DD601510475000D8AA97 /* 03-radar.png */; };
		03C5DD6C1510475000D8AA97 /* 04-medical-bag.png in Resources */ = {isa = PBXBuildFile; fileRef = 03C5DD611510475000D8AA97 /* 04-medical-bag.png */; };
		03C5DD6D1510475000D8AA97 /* 05-gear2.png in Resources */ = {isa = PBXBuildFile; fileRef = 03C5DD621510475000D8AA97 /* 05-gear2.png */; };
		03C5DD6E1510475000D8AA97 /* 179-notepad.png in Resources */ = {isa = PBXBuildFile; fileRef = 03C5DD631510475000D8AA97 /* 179-notepad.png */; };
		03C5DD6F1510475000D8AA97 /* 33-cabinet.png in Resources */ = {isa = PBXBuildFile; fileRef = 03C5DD641510475000D8AA97 /* 33-cabinet.png */; };
		03C5DD701510475000D8AA97 /* 96-book.png in Resources */ = {isa = PBXBuildFile; fileRef = 03C5DD651510475000D8AA97 /* 96-book.png */; };
		03C5DD711510475000D8AA97 /* info_30.png in Resources */ = {isa = PBXBuildFile; fileRef = 03C5DD661510475000D8AA97 /* info_30.png */; };
		03C5DD721510475000D8AA97 /* whiteButton.png in Resources */ = {isa = PBXBuildFile; fileRef = 03C5DD671510475000D8AA97 /* whiteButton.png */; };
		03C5DD741510484600D8AA97 /* DrNgooSnakeCell.xib in Resources */ = {isa = PBXBuildFile; fileRef = 03C5DD731510484600D8AA97 /* DrNgooSnakeCell.xib */; };
		03EFC3FB1512B78E00CAA079 /* BG.png in Resources */ = {isa = PBXBuildFile; fileRef = 03EFC3F51512B78E00CAA079 /* BG.png */; };
		03EFC3FC1512B78E00CAA079 /* Head.png in Resources */ = {isa = PBXBuildFile; fileRef = 03EFC3F61512B78E00CAA079 /* Head.png */; };
		03EFC3FD1512B78E00CAA079 /* menu1.png in Resources */ = {isa = PBXBuildFile; fileRef = 03EFC3F71512B78E00CAA079 /* menu1.png */; };
		03EFC3FE1512B78E00CAA079 /* menu2.png in Resources */ = {isa = PBXBuildFile; fileRef = 03EFC3F81512B78E00CAA079 /* menu2.png */; };
		03EFC3FF1512B78E00CAA079 /* menu3.png in Resources */ = {isa = PBXBuildFile; fileRef = 03EFC3F91512B78E00CAA079 /* menu3.png */; };
		03EFC4001512B78E00CAA079 /* menu4.png in Resources */ = {isa = PBXBuildFile; fileRef = 03EFC3FA1512B78E00CAA079 /* menu4.png */; };
		03EFC40A1512C7AC00CAA079 /* Icon-72.png in Resources */ = {isa = PBXBuildFile; fileRef = 03EFC4031512C7AC00CAA079 /* Icon-72.png */; };
		03EFC40B1512C7AC00CAA079 /* Icon-Small-50.png in Resources */ = {isa = PBXBuildFile; fileRef = 03EFC4041512C7AC00CAA079 /* Icon-Small-50.png */; };
		03EFC40C1512C7AC00CAA079 /* Icon-Small.png in Resources */ = {isa = PBXBuildFile; fileRef = 03EFC4051512C7AC00CAA079 /* Icon-Small.png */; };
		03EFC40D1512C7AC00CAA079 /* Icon-Small@2x.png in Resources */ = {isa = PBXBuildFile; fileRef = 03EFC4061512C7AC00CAA079 /* Icon-Small@2x.png */; };
		03EFC40E1512C7AC00CAA079 /* Icon.png in Resources */ = {isa = PBXBuildFile; fileRef = 03EFC4071512C7AC00CAA079 /* Icon.png */; };
		03EFC40F1512C7AC00CAA079 /* Icon@2x.png in Resources */ = {isa = PBXBuildFile; fileRef = 03EFC4081512C7AC00CAA079 /* Icon@2x.png */; };
		03EFC4101512C7AC00CAA079 /* iTunesArtwork in Resources */ = {isa = PBXBuildFile; fileRef = 03EFC4091512C7AC00CAA079 /* iTunesArtwork */; };
		03EFC4291512DDDD00CAA079 /* navBg.png in Resources */ = {isa = PBXBuildFile; fileRef = 03EFC4281512DDDD00CAA079 /* navBg.png */; };
		03EFC42C1512DECF00CAA079 /* button_back_textured_24.png in Resources */ = {isa = PBXBuildFile; fileRef = 03EFC42A1512DECF00CAA079 /* button_back_textured_24.png */; };
		03EFC42D1512DECF00CAA079 /* button_back_textured_30.png in Resources */ = {isa = PBXBuildFile; fileRef = 03EFC42B1512DECF00CAA079 /* button_back_textured_30.png */; };
		03EFC4301512F15300CAA079 /* button_textured_24.png in Resources */ = {isa = PBXBuildFile; fileRef = 03EFC42E1512F15300CAA079 /* button_textured_24.png */; };
		03EFC4311512F15300CAA079 /* button_textured_30.png in Resources */ = {isa = PBXBuildFile; fileRef = 03EFC42F1512F15300CAA079 /* button_textured_30.png */; };
		03EFC4381513317400CAA079 /* DrNgooSnake.m in Sources */ = {isa = PBXBuildFile; fileRef = 03EFC4371513317400CAA079 /* DrNgooSnake.m */; };
		03EFC446151340DA00CAA079 /* Default.png in Resources */ = {isa = PBXBuildFile; fileRef = 03EFC444151340DA00CAA079 /* Default.png */; };
		03EFC447151340DA00CAA079 /* Default@2x.png in Resources */ = {isa = PBXBuildFile; fileRef = 03EFC445151340DA00CAA079 /* Default@2x.png */; };
		03EFC44B15135B7200CAA079 /* DrNgooDatabaseViewController.m in Sources */ = {isa = PBXBuildFile; fileRef = 03EFC44915135B7100CAA079 /* DrNgooDatabaseViewController.m */; };
		03EFC44C15135B7200CAA079 /* DrNgooDatabaseViewController.xib in Resources */ = {isa = PBXBuildFile; fileRef = 03EFC44A15135B7100CAA079 /* DrNgooDatabaseViewController.xib */; };
		03F6919415144D0200EDC7E3 /* FMDatabase.m in Sources */ = {isa = PBXBuildFile; fileRef = 03F6918B15144D0200EDC7E3 /* FMDatabase.m */; };
		03F6919515144D0200EDC7E3 /* FMDatabaseAdditions.m in Sources */ = {isa = PBXBuildFile; fileRef = 03F6918D15144D0200EDC7E3 /* FMDatabaseAdditions.m */; };
		03F6919615144D0200EDC7E3 /* FMDatabasePool.m in Sources */ = {isa = PBXBuildFile; fileRef = 03F6918F15144D0200EDC7E3 /* FMDatabasePool.m */; };
		03F6919715144D0200EDC7E3 /* FMDatabaseQueue.m in Sources */ = {isa = PBXBuildFile; fileRef = 03F6919115144D0200EDC7E3 /* FMDatabaseQueue.m */; };
		03F6919815144D0200EDC7E3 /* FMResultSet.m in Sources */ = {isa = PBXBuildFile; fileRef = 03F6919315144D0200EDC7E3 /* FMResultSet.m */; };
		03F8FD921510A06600528646 /* DrNgooResultViewController.m in Sources */ = {isa = PBXBuildFile; fileRef = 03F8FD901510A06600528646 /* DrNgooResultViewController.m */; };
		03F8FD931510A06600528646 /* DrNgooResultViewController.xib in Resources */ = {isa = PBXBuildFile; fileRef = 03F8FD911510A06600528646 /* DrNgooResultViewController.xib */; };
		03F8FD971510A37A00528646 /* DrNgooCreditViewController.m in Sources */ = {isa = PBXBuildFile; fileRef = 03F8FD951510A37A00528646 /* DrNgooCreditViewController.m */; };
		03F8FD981510A37A00528646 /* DrNgooCreditViewController.xib in Resources */ = {isa = PBXBuildFile; fileRef = 03F8FD961510A37A00528646 /* DrNgooCreditViewController.xib */; };
		03F8FD9C1510A3B100528646 /* DrNgooKnowledgeViewController.m in Sources */ = {isa = PBXBuildFile; fileRef = 03F8FD9A1510A3B100528646 /* DrNgooKnowledgeViewController.m */; };
		03F8FD9D1510A3B100528646 /* DrNgooKnowledgeViewController.xib in Resources */ = {isa = PBXBuildFile; fileRef = 03F8FD9B1510A3B100528646 /* DrNgooKnowledgeViewController.xib */; };
/* End PBXBuildFile section */

/* Begin PBXFileReference section */
		030F4BE11507C2E200238A79 /* Dr Ngoo.app */ = {isa = PBXFileReference; explicitFileType = wrapper.application; includeInIndex = 0; path = "Dr Ngoo.app"; sourceTree = BUILT_PRODUCTS_DIR; };
		030F4BE51507C2E200238A79 /* UIKit.framework */ = {isa = PBXFileReference; lastKnownFileType = wrapper.framework; name = UIKit.framework; path = System/Library/Frameworks/UIKit.framework; sourceTree = SDKROOT; };
		030F4BE71507C2E200238A79 /* Foundation.framework */ = {isa = PBXFileReference; lastKnownFileType = wrapper.framework; name = Foundation.framework; path = System/Library/Frameworks/Foundation.framework; sourceTree = SDKROOT; };
		030F4BE91507C2E200238A79 /* CoreGraphics.framework */ = {isa = PBXFileReference; lastKnownFileType = wrapper.framework; name = CoreGraphics.framework; path = System/Library/Frameworks/CoreGraphics.framework; sourceTree = SDKROOT; };
		030F4BED1507C2E200238A79 /* Dr Ngoo-Info.plist */ = {isa = PBXFileReference; lastKnownFileType = text.plist.xml; path = "Dr Ngoo-Info.plist"; sourceTree = "<group>"; };
		030F4BEF1507C2E200238A79 /* en */ = {isa = PBXFileReference; lastKnownFileType = text.plist.strings; name = en; path = en.lproj/InfoPlist.strings; sourceTree = "<group>"; };
		030F4BF11507C2E200238A79 /* main.m */ = {isa = PBXFileReference; lastKnownFileType = sourcecode.c.objc; path = main.m; sourceTree = "<group>"; };
		030F4BF31507C2E200238A79 /* Dr Ngoo-Prefix.pch */ = {isa = PBXFileReference; lastKnownFileType = sourcecode.c.h; path = "Dr Ngoo-Prefix.pch"; sourceTree = "<group>"; };
		030F4BF41507C2E200238A79 /* DrNgooAppDelegate.h */ = {isa = PBXFileReference; lastKnownFileType = sourcecode.c.h; path = DrNgooAppDelegate.h; sourceTree = "<group>"; };
		030F4BF51507C2E200238A79 /* DrNgooAppDelegate.m */ = {isa = PBXFileReference; lastKnownFileType = sourcecode.c.objc; path = DrNgooAppDelegate.m; sourceTree = "<group>"; };
		030F4C121507CB8400238A79 /* DrNgooHomeViewController.h */ = {isa = PBXFileReference; fileEncoding = 4; lastKnownFileType = sourcecode.c.h; path = DrNgooHomeViewController.h; sourceTree = "<group>"; };
		030F4C131507CB8400238A79 /* DrNgooHomeViewController.m */ = {isa = PBXFileReference; fileEncoding = 4; lastKnownFileType = sourcecode.c.objc; path = DrNgooHomeViewController.m; sourceTree = "<group>"; };
		030F4C141507CB8400238A79 /* DrNgooHomeViewController.xib */ = {isa = PBXFileReference; fileEncoding = 4; lastKnownFileType = file.xib; path = DrNgooHomeViewController.xib; sourceTree = "<group>"; };
		030F4C261507CC1300238A79 /* DrNgooCureViewController.h */ = {isa = PBXFileReference; fileEncoding = 4; lastKnownFileType = sourcecode.c.h; path = DrNgooCureViewController.h; sourceTree = "<group>"; };
		030F4C271507CC1300238A79 /* DrNgooCureViewController.m */ = {isa = PBXFileReference; fileEncoding = 4; lastKnownFileType = sourcecode.c.objc; path = DrNgooCureViewController.m; sourceTree = "<group>"; };
		030F4C281507CC1300238A79 /* DrNgooCureViewController.xib */ = {isa = PBXFileReference; fileEncoding = 4; lastKnownFileType = file.xib; path = DrNgooCureViewController.xib; sourceTree = "<group>"; };
		030F4C2B1507CC2A00238A79 /* DrNgooOptionViewController.h */ = {isa = PBXFileReference; fileEncoding = 4; lastKnownFileType = sourcecode.c.h; path = DrNgooOptionViewController.h; sourceTree = "<group>"; };
		030F4C2C1507CC2A00238A79 /* DrNgooOptionViewController.m */ = {isa = PBXFileReference; fileEncoding = 4; lastKnownFileType = sourcecode.c.objc; path = DrNgooOptionViewController.m; sourceTree = "<group>"; };
		0328D562150E564200091186 /* DrNgooCheckListViewController.h */ = {isa = PBXFileReference; fileEncoding = 4; lastKnownFileType = sourcecode.c.h; path = DrNgooCheckListViewController.h; sourceTree = "<group>"; };
		0328D563150E564300091186 /* DrNgooCheckListViewController.m */ = {isa = PBXFileReference; fileEncoding = 4; lastKnownFileType = sourcecode.c.objc; path = DrNgooCheckListViewController.m; sourceTree = "<group>"; };
		0328D56D150E76D300091186 /* OptionList.plist */ = {isa = PBXFileReference; fileEncoding = 4; lastKnownFileType = text.plist.xml; path = OptionList.plist; sourceTree = "<group>"; };
		0328D56F150E7DC100091186 /* SystemConfiguration.framework */ = {isa = PBXFileReference; lastKnownFileType = wrapper.framework; name = SystemConfiguration.framework; path = System/Library/Frameworks/SystemConfiguration.framework; sourceTree = SDKROOT; };
		035461111518DEF200B44D11 /* ImageDownLoad.h */ = {isa = PBXFileReference; fileEncoding = 4; lastKnownFileType = sourcecode.c.h; path = ImageDownLoad.h; sourceTree = "<group>"; };
		035461121518DEF200B44D11 /* ImageDownLoad.m */ = {isa = PBXFileReference; fileEncoding = 4; lastKnownFileType = sourcecode.c.objc; path = ImageDownLoad.m; sourceTree = "<group>"; };
		0385584D150E4A8400CD1A51 /* FinderList.plist */ = {isa = PBXFileReference; fileEncoding = 4; lastKnownFileType = text.plist.xml; path = FinderList.plist; sourceTree = "<group>"; };
		03ADA33D15107E680049CE71 /* thumb_s1.png */ = {isa = PBXFileReference; lastKnownFileType = image.png; path = thumb_s1.png; sourceTree = "<group>"; };
		03ADA346151082C50049CE71 /* DrNgooShowDetailViewController.h */ = {isa = PBXFileReference; fileEncoding = 4; lastKnownFileType = sourcecode.c.h; path = DrNgooShowDetailViewController.h; sourceTree = "<group>"; };
		03ADA347151082C50049CE71 /* DrNgooShowDetailViewController.m */ = {isa = PBXFileReference; fileEncoding = 4; lastKnownFileType = sourcecode.c.objc; path = DrNgooShowDetailViewController.m; sourceTree = "<group>"; };
		03ADA348151082C50049CE71 /* DrNgooShowDetailViewController.xib */ = {isa = PBXFileReference; fileEncoding = 4; lastKnownFileType = file.xib; path = DrNgooShowDetailViewController.xib; sourceTree = "<group>"; };
		03C1F1BD150D98BF00CED02D /* libsqlite3.0.dylib */ = {isa = PBXFileReference; lastKnownFileType = "compiled.mach-o.dylib"; name = libsqlite3.0.dylib; path = usr/lib/libsqlite3.0.dylib; sourceTree = SDKROOT; };
		03C1F207150E01CE00CED02D /* DrNgooFinderViewController.h */ = {isa = PBXFileReference; fileEncoding = 4; lastKnownFileType = sourcecode.c.h; path = DrNgooFinderViewController.h; sourceTree = "<group>"; };
		03C1F208150E01CE00CED02D /* DrNgooFinderViewController.m */ = {isa = PBXFileReference; fileEncoding = 4; lastKnownFileType = sourcecode.c.objc; path = DrNgooFinderViewController.m; sourceTree = "<group>"; };
		03C5DD57151045F900D8AA97 /* DrNgooSnakeCell.h */ = {isa = PBXFileReference; fileEncoding = 4; lastKnownFileType = sourcecode.c.h; path = DrNgooSnakeCell.h; sourceTree = "<group>"; };
		03C5DD58151045F900D8AA97 /* DrNgooSnakeCell.m */ = {isa = PBXFileReference; fileEncoding = 4; lastKnownFileType = sourcecode.c.objc; path = DrNgooSnakeCell.m; sourceTree = "<group>"; };
		03C5DD5B1510475000D8AA97 /* blueButton.png */ = {isa = PBXFileReference; lastKnownFileType = image.png; path = blueButton.png; sourceTree = "<group>"; };
		03C5DD5E1510475000D8AA97 /* 01-home.png */ = {isa = PBXFileReference; lastKnownFileType = image.png; path = "01-home.png"; sourceTree = "<group>"; };
		03C5DD5F1510475000D8AA97 /* 02-magnify.png */ = {isa = PBXFileReference; lastKnownFileType = image.png; path = "02-magnify.png"; sourceTree = "<group>"; };
		03C5DD601510475000D8AA97 /* 03-radar.png */ = {isa = PBXFileReference; lastKnownFileType = image.png; path = "03-radar.png"; sourceTree = "<group>"; };
		03C5DD611510475000D8AA97 /* 04-medical-bag.png */ = {isa = PBXFileReference; lastKnownFileType = image.png; path = "04-medical-bag.png"; sourceTree = "<group>"; };
		03C5DD621510475000D8AA97 /* 05-gear2.png */ = {isa = PBXFileReference; lastKnownFileType = image.png; path = "05-gear2.png"; sourceTree = "<group>"; };
		03C5DD631510475000D8AA97 /* 179-notepad.png */ = {isa = PBXFileReference; lastKnownFileType = image.png; path = "179-notepad.png"; sourceTree = "<group>"; };
		03C5DD641510475000D8AA97 /* 33-cabinet.png */ = {isa = PBXFileReference; lastKnownFileType = image.png; path = "33-cabinet.png"; sourceTree = "<group>"; };
		03C5DD651510475000D8AA97 /* 96-book.png */ = {isa = PBXFileReference; lastKnownFileType = image.png; path = "96-book.png"; sourceTree = "<group>"; };
		03C5DD661510475000D8AA97 /* info_30.png */ = {isa = PBXFileReference; lastKnownFileType = image.png; path = info_30.png; sourceTree = "<group>"; };
		03C5DD671510475000D8AA97 /* whiteButton.png */ = {isa = PBXFileReference; lastKnownFileType = image.png; path = whiteButton.png; sourceTree = "<group>"; };
		03C5DD731510484600D8AA97 /* DrNgooSnakeCell.xib */ = {isa = PBXFileReference; fileEncoding = 4; lastKnownFileType = file.xib; path = DrNgooSnakeCell.xib; sourceTree = "<group>"; };
		03EFC3F51512B78E00CAA079 /* BG.png */ = {isa = PBXFileReference; lastKnownFileType = image.png; path = BG.png; sourceTree = "<group>"; };
		03EFC3F61512B78E00CAA079 /* Head.png */ = {isa = PBXFileReference; lastKnownFileType = image.png; path = Head.png; sourceTree = "<group>"; };
		03EFC3F71512B78E00CAA079 /* menu1.png */ = {isa = PBXFileReference; lastKnownFileType = image.png; path = menu1.png; sourceTree = "<group>"; };
		03EFC3F81512B78E00CAA079 /* menu2.png */ = {isa = PBXFileReference; lastKnownFileType = image.png; path = menu2.png; sourceTree = "<group>"; };
		03EFC3F91512B78E00CAA079 /* menu3.png */ = {isa = PBXFileReference; lastKnownFileType = image.png; path = menu3.png; sourceTree = "<group>"; };
		03EFC3FA1512B78E00CAA079 /* menu4.png */ = {isa = PBXFileReference; lastKnownFileType = image.png; path = menu4.png; sourceTree = "<group>"; };
		03EFC4031512C7AC00CAA079 /* Icon-72.png */ = {isa = PBXFileReference; lastKnownFileType = image.png; path = "Icon-72.png"; sourceTree = "<group>"; };
		03EFC4041512C7AC00CAA079 /* Icon-Small-50.png */ = {isa = PBXFileReference; lastKnownFileType = image.png; path = "Icon-Small-50.png"; sourceTree = "<group>"; };
		03EFC4051512C7AC00CAA079 /* Icon-Small.png */ = {isa = PBXFileReference; lastKnownFileType = image.png; path = "Icon-Small.png"; sourceTree = "<group>"; };
		03EFC4061512C7AC00CAA079 /* Icon-Small@2x.png */ = {isa = PBXFileReference; lastKnownFileType = image.png; path = "Icon-Small@2x.png"; sourceTree = "<group>"; };
		03EFC4071512C7AC00CAA079 /* Icon.png */ = {isa = PBXFileReference; lastKnownFileType = image.png; path = Icon.png; sourceTree = "<group>"; };
		03EFC4081512C7AC00CAA079 /* Icon@2x.png */ = {isa = PBXFileReference; lastKnownFileType = image.png; path = "Icon@2x.png"; sourceTree = "<group>"; };
		03EFC4091512C7AC00CAA079 /* iTunesArtwork */ = {isa = PBXFileReference; lastKnownFileType = file; path = iTunesArtwork; sourceTree = "<group>"; };
		03EFC4281512DDDD00CAA079 /* navBg.png */ = {isa = PBXFileReference; lastKnownFileType = image.png; path = navBg.png; sourceTree = "<group>"; };
		03EFC42A1512DECF00CAA079 /* button_back_textured_24.png */ = {isa = PBXFileReference; lastKnownFileType = image.png; path = button_back_textured_24.png; sourceTree = "<group>"; };
		03EFC42B1512DECF00CAA079 /* button_back_textured_30.png */ = {isa = PBXFileReference; lastKnownFileType = image.png; path = button_back_textured_30.png; sourceTree = "<group>"; };
		03EFC42E1512F15300CAA079 /* button_textured_24.png */ = {isa = PBXFileReference; lastKnownFileType = image.png; path = button_textured_24.png; sourceTree = "<group>"; };
		03EFC42F1512F15300CAA079 /* button_textured_30.png */ = {isa = PBXFileReference; lastKnownFileType = image.png; path = button_textured_30.png; sourceTree = "<group>"; };
		03EFC4361513317300CAA079 /* DrNgooSnake.h */ = {isa = PBXFileReference; fileEncoding = 4; lastKnownFileType = sourcecode.c.h; path = DrNgooSnake.h; sourceTree = "<group>"; };
		03EFC4371513317400CAA079 /* DrNgooSnake.m */ = {isa = PBXFileReference; fileEncoding = 4; lastKnownFileType = sourcecode.c.objc; path = DrNgooSnake.m; sourceTree = "<group>"; };
		03EFC444151340DA00CAA079 /* Default.png */ = {isa = PBXFileReference; lastKnownFileType = image.png; path = Default.png; sourceTree = "<group>"; };
		03EFC445151340DA00CAA079 /* Default@2x.png */ = {isa = PBXFileReference; lastKnownFileType = image.png; path = "Default@2x.png"; sourceTree = "<group>"; };
		03EFC44815135B7100CAA079 /* DrNgooDatabaseViewController.h */ = {isa = PBXFileReference; fileEncoding = 4; lastKnownFileType = sourcecode.c.h; path = DrNgooDatabaseViewController.h; sourceTree = "<group>"; };
		03EFC44915135B7100CAA079 /* DrNgooDatabaseViewController.m */ = {isa = PBXFileReference; fileEncoding = 4; lastKnownFileType = sourcecode.c.objc; path = DrNgooDatabaseViewController.m; sourceTree = "<group>"; };
		03EFC44A15135B7100CAA079 /* DrNgooDatabaseViewController.xib */ = {isa = PBXFileReference; fileEncoding = 4; lastKnownFileType = file.xib; path = DrNgooDatabaseViewController.xib; sourceTree = "<group>"; };
		03F6918A15144D0200EDC7E3 /* FMDatabase.h */ = {isa = PBXFileReference; fileEncoding = 4; lastKnownFileType = sourcecode.c.h; path = FMDatabase.h; sourceTree = "<group>"; };
		03F6918B15144D0200EDC7E3 /* FMDatabase.m */ = {isa = PBXFileReference; fileEncoding = 4; lastKnownFileType = sourcecode.c.objc; path = FMDatabase.m; sourceTree = "<group>"; };
		03F6918C15144D0200EDC7E3 /* FMDatabaseAdditions.h */ = {isa = PBXFileReference; fileEncoding = 4; lastKnownFileType = sourcecode.c.h; path = FMDatabaseAdditions.h; sourceTree = "<group>"; };
		03F6918D15144D0200EDC7E3 /* FMDatabaseAdditions.m */ = {isa = PBXFileReference; fileEncoding = 4; lastKnownFileType = sourcecode.c.objc; path = FMDatabaseAdditions.m; sourceTree = "<group>"; };
		03F6918E15144D0200EDC7E3 /* FMDatabasePool.h */ = {isa = PBXFileReference; fileEncoding = 4; lastKnownFileType = sourcecode.c.h; path = FMDatabasePool.h; sourceTree = "<group>"; };
		03F6918F15144D0200EDC7E3 /* FMDatabasePool.m */ = {isa = PBXFileReference; fileEncoding = 4; lastKnownFileType = sourcecode.c.objc; path = FMDatabasePool.m; sourceTree = "<group>"; };
		03F6919015144D0200EDC7E3 /* FMDatabaseQueue.h */ = {isa = PBXFileReference; fileEncoding = 4; lastKnownFileType = sourcecode.c.h; path = FMDatabaseQueue.h; sourceTree = "<group>"; };
		03F6919115144D0200EDC7E3 /* FMDatabaseQueue.m */ = {isa = PBXFileReference; fileEncoding = 4; lastKnownFileType = sourcecode.c.objc; path = FMDatabaseQueue.m; sourceTree = "<group>"; };
		03F6919215144D0200EDC7E3 /* FMResultSet.h */ = {isa = PBXFileReference; fileEncoding = 4; lastKnownFileType = sourcecode.c.h; path = FMResultSet.h; sourceTree = "<group>"; };
		03F6919315144D0200EDC7E3 /* FMResultSet.m */ = {isa = PBXFileReference; fileEncoding = 4; lastKnownFileType = sourcecode.c.objc; path = FMResultSet.m; sourceTree = "<group>"; };
		03F8FD8F1510A06600528646 /* DrNgooResultViewController.h */ = {isa = PBXFileReference; fileEncoding = 4; lastKnownFileType = sourcecode.c.h; path = DrNgooResultViewController.h; sourceTree = "<group>"; };
		03F8FD901510A06600528646 /* DrNgooResultViewController.m */ = {isa = PBXFileReference; fileEncoding = 4; lastKnownFileType = sourcecode.c.objc; path = DrNgooResultViewController.m; sourceTree = "<group>"; };
		03F8FD911510A06600528646 /* DrNgooResultViewController.xib */ = {isa = PBXFileReference; fileEncoding = 4; lastKnownFileType = file.xib; path = DrNgooResultViewController.xib; sourceTree = "<group>"; };
		03F8FD941510A37A00528646 /* DrNgooCreditViewController.h */ = {isa = PBXFileReference; fileEncoding = 4; lastKnownFileType = sourcecode.c.h; path = DrNgooCreditViewController.h; sourceTree = "<group>"; };
		03F8FD951510A37A00528646 /* DrNgooCreditViewController.m */ = {isa = PBXFileReference; fileEncoding = 4; lastKnownFileType = sourcecode.c.objc; path = DrNgooCreditViewController.m; sourceTree = "<group>"; };
		03F8FD961510A37A00528646 /* DrNgooCreditViewController.xib */ = {isa = PBXFileReference; fileEncoding = 4; lastKnownFileType = file.xib; path = DrNgooCreditViewController.xib; sourceTree = "<group>"; };
		03F8FD991510A3B100528646 /* DrNgooKnowledgeViewController.h */ = {isa = PBXFileReference; fileEncoding = 4; lastKnownFileType = sourcecode.c.h; path = DrNgooKnowledgeViewController.h; sourceTree = "<group>"; };
		03F8FD9A1510A3B100528646 /* DrNgooKnowledgeViewController.m */ = {isa = PBXFileReference; fileEncoding = 4; lastKnownFileType = sourcecode.c.objc; path = DrNgooKnowledgeViewController.m; sourceTree = "<group>"; };
		03F8FD9B1510A3B100528646 /* DrNgooKnowledgeViewController.xib */ = {isa = PBXFileReference; fileEncoding = 4; lastKnownFileType = file.xib; path = DrNgooKnowledgeViewController.xib; sourceTree = "<group>"; };
/* End PBXFileReference section */

/* Begin PBXFrameworksBuildPhase section */
		030F4BDE1507C2E200238A79 /* Frameworks */ = {
			isa = PBXFrameworksBuildPhase;
			buildActionMask = 2147483647;
			files = (
				0328D570150E7DC100091186 /* SystemConfiguration.framework in Frameworks */,
				03C1F1BE150D98BF00CED02D /* libsqlite3.0.dylib in Frameworks */,
				030F4BE61507C2E200238A79 /* UIKit.framework in Frameworks */,
				030F4BE81507C2E200238A79 /* Foundation.framework in Frameworks */,
				030F4BEA1507C2E200238A79 /* CoreGraphics.framework in Frameworks */,
			);
			runOnlyForDeploymentPostprocessing = 0;
		};
/* End PBXFrameworksBuildPhase section */

/* Begin PBXGroup section */
		030F4BD61507C2E200238A79 = {
			isa = PBXGroup;
			children = (
				030F4BEB1507C2E200238A79 /* Dr Ngoo */,
				030F4BE41507C2E200238A79 /* Frameworks */,
				030F4BE21507C2E200238A79 /* Products */,
			);
			sourceTree = "<group>";
		};
		030F4BE21507C2E200238A79 /* Products */ = {
			isa = PBXGroup;
			children = (
				030F4BE11507C2E200238A79 /* Dr Ngoo.app */,
			);
			name = Products;
			sourceTree = "<group>";
		};
		030F4BE41507C2E200238A79 /* Frameworks */ = {
			isa = PBXGroup;
			children = (
				03C1F1BD150D98BF00CED02D /* libsqlite3.0.dylib */,
				0328D56F150E7DC100091186 /* SystemConfiguration.framework */,
				030F4BE51507C2E200238A79 /* UIKit.framework */,
				030F4BE71507C2E200238A79 /* Foundation.framework */,
				030F4BE91507C2E200238A79 /* CoreGraphics.framework */,
			);
			name = Frameworks;
			sourceTree = "<group>";
		};
		030F4BEB1507C2E200238A79 /* Dr Ngoo */ = {
			isa = PBXGroup;
			children = (
				030F4BEC1507C2E200238A79 /* Supporting Files */,
				03C5DD5A1510475000D8AA97 /* Images */,
				03ADA340151081520049CE71 /* HomeViewController */,
				03ADA341151081890049CE71 /* FinderViewController */,
				03ADA342151081CD0049CE71 /* DatabaseViewController */,
				03ADA343151081F00049CE71 /* CureViewController */,
				03ADA3441510823A0049CE71 /* OptionViewController */,
				03ADA345151082710049CE71 /* SharedFiles */,
				030F4BF41507C2E200238A79 /* DrNgooAppDelegate.h */,
				030F4BF51507C2E200238A79 /* DrNgooAppDelegate.m */,
			);
			path = "Dr Ngoo";
			sourceTree = "<group>";
		};
		030F4BEC1507C2E200238A79 /* Supporting Files */ = {
			isa = PBXGroup;
			children = (
				030F4BED1507C2E200238A79 /* Dr Ngoo-Info.plist */,
				030F4BEE1507C2E200238A79 /* InfoPlist.strings */,
				030F4BF11507C2E200238A79 /* main.m */,
				030F4BF31507C2E200238A79 /* Dr Ngoo-Prefix.pch */,
			);
			name = "Supporting Files";
			sourceTree = "<group>";
		};
		03ADA340151081520049CE71 /* HomeViewController */ = {
			isa = PBXGroup;
			children = (
				030F4C121507CB8400238A79 /* DrNgooHomeViewController.h */,
				030F4C131507CB8400238A79 /* DrNgooHomeViewController.m */,
				030F4C141507CB8400238A79 /* DrNgooHomeViewController.xib */,
			);
			name = HomeViewController;
			sourceTree = "<group>";
		};
		03ADA341151081890049CE71 /* FinderViewController */ = {
			isa = PBXGroup;
			children = (
				0385584D150E4A8400CD1A51 /* FinderList.plist */,
				0328D562150E564200091186 /* DrNgooCheckListViewController.h */,
				0328D563150E564300091186 /* DrNgooCheckListViewController.m */,
				03C1F207150E01CE00CED02D /* DrNgooFinderViewController.h */,
				03C1F208150E01CE00CED02D /* DrNgooFinderViewController.m */,
				03F8FD8F1510A06600528646 /* DrNgooResultViewController.h */,
				03F8FD901510A06600528646 /* DrNgooResultViewController.m */,
				03F8FD911510A06600528646 /* DrNgooResultViewController.xib */,
			);
			name = FinderViewController;
			sourceTree = "<group>";
		};
		03ADA342151081CD0049CE71 /* DatabaseViewController */ = {
			isa = PBXGroup;
			children = (
				03C5DD57151045F900D8AA97 /* DrNgooSnakeCell.h */,
				03C5DD58151045F900D8AA97 /* DrNgooSnakeCell.m */,
				03C5DD731510484600D8AA97 /* DrNgooSnakeCell.xib */,
				03ADA346151082C50049CE71 /* DrNgooShowDetailViewController.h */,
				03ADA347151082C50049CE71 /* DrNgooShowDetailViewController.m */,
				03ADA348151082C50049CE71 /* DrNgooShowDetailViewController.xib */,
				03EFC44815135B7100CAA079 /* DrNgooDatabaseViewController.h */,
				03EFC44915135B7100CAA079 /* DrNgooDatabaseViewController.m */,
				03EFC44A15135B7100CAA079 /* DrNgooDatabaseViewController.xib */,
			);
			name = DatabaseViewController;
			sourceTree = "<group>";
		};
		03ADA343151081F00049CE71 /* CureViewController */ = {
			isa = PBXGroup;
			children = (
				030F4C261507CC1300238A79 /* DrNgooCureViewController.h */,
				030F4C271507CC1300238A79 /* DrNgooCureViewController.m */,
				030F4C281507CC1300238A79 /* DrNgooCureViewController.xib */,
			);
			name = CureViewController;
			sourceTree = "<group>";
		};
		03ADA3441510823A0049CE71 /* OptionViewController */ = {
			isa = PBXGroup;
			children = (
				0328D56D150E76D300091186 /* OptionList.plist */,
				030F4C2B1507CC2A00238A79 /* DrNgooOptionViewController.h */,
				030F4C2C1507CC2A00238A79 /* DrNgooOptionViewController.m */,
				03F8FD941510A37A00528646 /* DrNgooCreditViewController.h */,
				03F8FD951510A37A00528646 /* DrNgooCreditViewController.m */,
				03F8FD961510A37A00528646 /* DrNgooCreditViewController.xib */,
				03F8FD991510A3B100528646 /* DrNgooKnowledgeViewController.h */,
				03F8FD9A1510A3B100528646 /* DrNgooKnowledgeViewController.m */,
				03F8FD9B1510A3B100528646 /* DrNgooKnowledgeViewController.xib */,
			);
			name = OptionViewController;
			sourceTree = "<group>";
		};
		03ADA345151082710049CE71 /* SharedFiles */ = {
			isa = PBXGroup;
			children = (
				03F6918915144D0200EDC7E3 /* FMDB */,
				03EFC4361513317300CAA079 /* DrNgooSnake.h */,
				03EFC4371513317400CAA079 /* DrNgooSnake.m */,
				035461111518DEF200B44D11 /* ImageDownLoad.h */,
				035461121518DEF200B44D11 /* ImageDownLoad.m */,
			);
			name = SharedFiles;
			sourceTree = "<group>";
		};
		03C5DD5A1510475000D8AA97 /* Images */ = {
			isa = PBXGroup;
			children = (
				03EFC4021512C7AC00CAA079 /* Icon */,
				03EFC3F41512B78E00CAA079 /* Main */,
				03C5DD5B1510475000D8AA97 /* blueButton.png */,
				03C5DD5C1510475000D8AA97 /* SnakePicture */,
				03C5DD5D1510475000D8AA97 /* TabBar Icon */,
				03C5DD671510475000D8AA97 /* whiteButton.png */,
				03EFC444151340DA00CAA079 /* Default.png */,
				03EFC445151340DA00CAA079 /* Default@2x.png */,
			);
			path = Images;
			sourceTree = "<group>";
		};
		03C5DD5C1510475000D8AA97 /* SnakePicture */ = {
			isa = PBXGroup;
			children = (
				03ADA33D15107E680049CE71 /* thumb_s1.png */,
			);
			path = SnakePicture;
			sourceTree = "<group>";
		};
		03C5DD5D1510475000D8AA97 /* TabBar Icon */ = {
			isa = PBXGroup;
			children = (
				03C5DD5E1510475000D8AA97 /* 01-home.png */,
				03C5DD5F1510475000D8AA97 /* 02-magnify.png */,
				03C5DD601510475000D8AA97 /* 03-radar.png */,
				03C5DD611510475000D8AA97 /* 04-medical-bag.png */,
				03C5DD621510475000D8AA97 /* 05-gear2.png */,
				03C5DD631510475000D8AA97 /* 179-notepad.png */,
				03C5DD641510475000D8AA97 /* 33-cabinet.png */,
				03C5DD651510475000D8AA97 /* 96-book.png */,
				03C5DD661510475000D8AA97 /* info_30.png */,
			);
			path = "TabBar Icon";
			sourceTree = "<group>";
		};
		03EFC3F41512B78E00CAA079 /* Main */ = {
			isa = PBXGroup;
			children = (
				03EFC42E1512F15300CAA079 /* button_textured_24.png */,
				03EFC42F1512F15300CAA079 /* button_textured_30.png */,
				03EFC42A1512DECF00CAA079 /* button_back_textured_24.png */,
				03EFC42B1512DECF00CAA079 /* button_back_textured_30.png */,
				03EFC3F51512B78E00CAA079 /* BG.png */,
				03EFC3F61512B78E00CAA079 /* Head.png */,
				03EFC4281512DDDD00CAA079 /* navBg.png */,
				03EFC3F71512B78E00CAA079 /* menu1.png */,
				03EFC3F81512B78E00CAA079 /* menu2.png */,
				03EFC3F91512B78E00CAA079 /* menu3.png */,
				03EFC3FA1512B78E00CAA079 /* menu4.png */,
			);
			path = Main;
			sourceTree = "<group>";
		};
		03EFC4021512C7AC00CAA079 /* Icon */ = {
			isa = PBXGroup;
			children = (
				03EFC4031512C7AC00CAA079 /* Icon-72.png */,
				03EFC4041512C7AC00CAA079 /* Icon-Small-50.png */,
				03EFC4051512C7AC00CAA079 /* Icon-Small.png */,
				03EFC4061512C7AC00CAA079 /* Icon-Small@2x.png */,
				03EFC4071512C7AC00CAA079 /* Icon.png */,
				03EFC4081512C7AC00CAA079 /* Icon@2x.png */,
				03EFC4091512C7AC00CAA079 /* iTunesArtwork */,
			);
			path = Icon;
			sourceTree = "<group>";
		};
		03F6918915144D0200EDC7E3 /* FMDB */ = {
			isa = PBXGroup;
			children = (
				03F6918A15144D0200EDC7E3 /* FMDatabase.h */,
				03F6918B15144D0200EDC7E3 /* FMDatabase.m */,
				03F6918C15144D0200EDC7E3 /* FMDatabaseAdditions.h */,
				03F6918D15144D0200EDC7E3 /* FMDatabaseAdditions.m */,
				03F6918E15144D0200EDC7E3 /* FMDatabasePool.h */,
				03F6918F15144D0200EDC7E3 /* FMDatabasePool.m */,
				03F6919015144D0200EDC7E3 /* FMDatabaseQueue.h */,
				03F6919115144D0200EDC7E3 /* FMDatabaseQueue.m */,
				03F6919215144D0200EDC7E3 /* FMResultSet.h */,
				03F6919315144D0200EDC7E3 /* FMResultSet.m */,
			);
			path = FMDB;
			sourceTree = "<group>";
		};
/* End PBXGroup section */

/* Begin PBXNativeTarget section */
		030F4BE01507C2E200238A79 /* Dr Ngoo */ = {
			isa = PBXNativeTarget;
			buildConfigurationList = 030F4BF91507C2E200238A79 /* Build configuration list for PBXNativeTarget "Dr Ngoo" */;
			buildPhases = (
				030F4BDD1507C2E200238A79 /* Sources */,
				030F4BDE1507C2E200238A79 /* Frameworks */,
				030F4BDF1507C2E200238A79 /* Resources */,
			);
			buildRules = (
			);
			dependencies = (
			);
			name = "Dr Ngoo";
			productName = "Dr Ngoo";
			productReference = 030F4BE11507C2E200238A79 /* Dr Ngoo.app */;
			productType = "com.apple.product-type.application";
		};
/* End PBXNativeTarget section */

/* Begin PBXProject section */
		030F4BD81507C2E200238A79 /* Project object */ = {
			isa = PBXProject;
			attributes = {
				CLASSPREFIX = DrNgoo;
				LastUpgradeCheck = 0430;
			};
			buildConfigurationList = 030F4BDB1507C2E200238A79 /* Build configuration list for PBXProject "Dr Ngoo" */;
			compatibilityVersion = "Xcode 3.2";
			developmentRegion = English;
			hasScannedForEncodings = 0;
			knownRegions = (
				en,
			);
			mainGroup = 030F4BD61507C2E200238A79;
			productRefGroup = 030F4BE21507C2E200238A79 /* Products */;
			projectDirPath = "";
			projectRoot = "";
			targets = (
				030F4BE01507C2E200238A79 /* Dr Ngoo */,
			);
		};
/* End PBXProject section */

/* Begin PBXResourcesBuildPhase section */
		030F4BDF1507C2E200238A79 /* Resources */ = {
			isa = PBXResourcesBuildPhase;
			buildActionMask = 2147483647;
			files = (
				030F4BF01507C2E200238A79 /* InfoPlist.strings in Resources */,
				030F4C161507CB8400238A79 /* DrNgooHomeViewController.xib in Resources */,
				030F4C2A1507CC1300238A79 /* DrNgooCureViewController.xib in Resources */,
				0385584E150E4A8400CD1A51 /* FinderList.plist in Resources */,
				0328D56E150E76D300091186 /* OptionList.plist in Resources */,
				03C5DD681510475000D8AA97 /* blueButton.png in Resources */,
				03C5DD691510475000D8AA97 /* 01-home.png in Resources */,
				03C5DD6A1510475000D8AA97 /* 02-magnify.png in Resources */,
				03C5DD6B1510475000D8AA97 /* 03-radar.png in Resources */,
				03C5DD6C1510475000D8AA97 /* 04-medical-bag.png in Resources */,
				03C5DD6D1510475000D8AA97 /* 05-gear2.png in Resources */,
				03C5DD6E1510475000D8AA97 /* 179-notepad.png in Resources */,
				03C5DD6F1510475000D8AA97 /* 33-cabinet.png in Resources */,
				03C5DD701510475000D8AA97 /* 96-book.png in Resources */,
				03C5DD711510475000D8AA97 /* info_30.png in Resources */,
				03C5DD721510475000D8AA97 /* whiteButton.png in Resources */,
				03C5DD741510484600D8AA97 /* DrNgooSnakeCell.xib in Resources */,
				03ADA33E15107E680049CE71 /* thumb_s1.png in Resources */,
				03ADA34A151082C50049CE71 /* DrNgooShowDetailViewController.xib in Resources */,
				03F8FD931510A06600528646 /* DrNgooResultViewController.xib in Resources */,
				03F8FD981510A37A00528646 /* DrNgooCreditViewController.xib in Resources */,
				03F8FD9D1510A3B100528646 /* DrNgooKnowledgeViewController.xib in Resources */,
				03EFC3FB1512B78E00CAA079 /* BG.png in Resources */,
				03EFC3FC1512B78E00CAA079 /* Head.png in Resources */,
				03EFC3FD1512B78E00CAA079 /* menu1.png in Resources */,
				03EFC3FE1512B78E00CAA079 /* menu2.png in Resources */,
				03EFC3FF1512B78E00CAA079 /* menu3.png in Resources */,
				03EFC4001512B78E00CAA079 /* menu4.png in Resources */,
				03EFC40A1512C7AC00CAA079 /* Icon-72.png in Resources */,
				03EFC40B1512C7AC00CAA079 /* Icon-Small-50.png in Resources */,
				03EFC40C1512C7AC00CAA079 /* Icon-Small.png in Resources */,
				03EFC40D1512C7AC00CAA079 /* Icon-Small@2x.png in Resources */,
				03EFC40E1512C7AC00CAA079 /* Icon.png in Resources */,
				03EFC40F1512C7AC00CAA079 /* Icon@2x.png in Resources */,
				03EFC4101512C7AC00CAA079 /* iTunesArtwork in Resources */,
				03EFC4291512DDDD00CAA079 /* navBg.png in Resources */,
				03EFC42C1512DECF00CAA079 /* button_back_textured_24.png in Resources */,
				03EFC42D1512DECF00CAA079 /* button_back_textured_30.png in Resources */,
				03EFC4301512F15300CAA079 /* button_textured_24.png in Resources */,
				03EFC4311512F15300CAA079 /* button_textured_30.png in Resources */,
				03EFC446151340DA00CAA079 /* Default.png in Resources */,
				03EFC447151340DA00CAA079 /* Default@2x.png in Resources */,
				03EFC44C15135B7200CAA079 /* DrNgooDatabaseViewController.xib in Resources */,
			);
			runOnlyForDeploymentPostprocessing = 0;
		};
/* End PBXResourcesBuildPhase section */

/* Begin PBXSourcesBuildPhase section */
		030F4BDD1507C2E200238A79 /* Sources */ = {
			isa = PBXSourcesBuildPhase;
			buildActionMask = 2147483647;
			files = (
				030F4BF21507C2E200238A79 /* main.m in Sources */,
				030F4BF61507C2E200238A79 /* DrNgooAppDelegate.m in Sources */,
				030F4C151507CB8400238A79 /* DrNgooHomeViewController.m in Sources */,
				030F4C291507CC1300238A79 /* DrNgooCureViewController.m in Sources */,
				030F4C2E1507CC2A00238A79 /* DrNgooOptionViewController.m in Sources */,
				03C1F20A150E01CF00CED02D /* DrNgooFinderViewController.m in Sources */,
				0328D564150E564300091186 /* DrNgooCheckListViewController.m in Sources */,
				03C5DD59151045F900D8AA97 /* DrNgooSnakeCell.m in Sources */,
				03ADA349151082C50049CE71 /* DrNgooShowDetailViewController.m in Sources */,
				03F8FD921510A06600528646 /* DrNgooResultViewController.m in Sources */,
				03F8FD971510A37A00528646 /* DrNgooCreditViewController.m in Sources */,
				03F8FD9C1510A3B100528646 /* DrNgooKnowledgeViewController.m in Sources */,
				03EFC4381513317400CAA079 /* DrNgooSnake.m in Sources */,
				03EFC44B15135B7200CAA079 /* DrNgooDatabaseViewController.m in Sources */,
				03F6919415144D0200EDC7E3 /* FMDatabase.m in Sources */,
				03F6919515144D0200EDC7E3 /* FMDatabaseAdditions.m in Sources */,
				03F6919615144D0200EDC7E3 /* FMDatabasePool.m in Sources */,
				03F6919715144D0200EDC7E3 /* FMDatabaseQueue.m in Sources */,
				03F6919815144D0200EDC7E3 /* FMResultSet.m in Sources */,
				035461131518DEF200B44D11 /* ImageDownLoad.m in Sources */,
			);
			runOnlyForDeploymentPostprocessing = 0;
		};
/* End PBXSourcesBuildPhase section */

/* Begin PBXVariantGroup section */
		030F4BEE1507C2E200238A79 /* InfoPlist.strings */ = {
			isa = PBXVariantGroup;
			children = (
				030F4BEF1507C2E200238A79 /* en */,
			);
			name = InfoPlist.strings;
			sourceTree = "<group>";
		};
/* End PBXVariantGroup section */

/* Begin XCBuildConfiguration section */
		030F4BF71507C2E200238A79 /* Debug */ = {
			isa = XCBuildConfiguration;
			buildSettings = {
				ALWAYS_SEARCH_USER_PATHS = NO;
				ARCHS = "$(ARCHS_STANDARD_32_BIT)";
				CLANG_ENABLE_OBJC_ARC = YES;
				"CODE_SIGN_IDENTITY[sdk=iphoneos*]" = "iPhone Developer";
				COPY_PHASE_STRIP = NO;
				GCC_C_LANGUAGE_STANDARD = gnu99;
				GCC_DYNAMIC_NO_PIC = NO;
				GCC_OPTIMIZATION_LEVEL = 0;
				GCC_PREPROCESSOR_DEFINITIONS = (
					"DEBUG=1",
					"$(inherited)",
				);
				GCC_SYMBOLS_PRIVATE_EXTERN = NO;
				GCC_VERSION = com.apple.compilers.llvm.clang.1_0;
				GCC_WARN_ABOUT_RETURN_TYPE = YES;
				GCC_WARN_UNINITIALIZED_AUTOS = YES;
				GCC_WARN_UNUSED_VARIABLE = YES;
				IPHONEOS_DEPLOYMENT_TARGET = 5.0;
				SDKROOT = iphoneos;
			};
			name = Debug;
		};
		030F4BF81507C2E200238A79 /* Release */ = {
			isa = XCBuildConfiguration;
			buildSettings = {
				ALWAYS_SEARCH_USER_PATHS = NO;
				ARCHS = "$(ARCHS_STANDARD_32_BIT)";
				CLANG_ENABLE_OBJC_ARC = YES;
				"CODE_SIGN_IDENTITY[sdk=iphoneos*]" = "iPhone Developer";
				COPY_PHASE_STRIP = YES;
				GCC_C_LANGUAGE_STANDARD = gnu99;
				GCC_VERSION = com.apple.compilers.llvm.clang.1_0;
				GCC_WARN_ABOUT_RETURN_TYPE = YES;
				GCC_WARN_UNINITIALIZED_AUTOS = YES;
				GCC_WARN_UNUSED_VARIABLE = YES;
				IPHONEOS_DEPLOYMENT_TARGET = 5.0;
				OTHER_CFLAGS = "-DNS_BLOCK_ASSERTIONS=1";
				SDKROOT = iphoneos;
				VALIDATE_PRODUCT = YES;
			};
			name = Release;
		};
		030F4BFA1507C2E200238A79 /* Debug */ = {
			isa = XCBuildConfiguration;
			buildSettings = {
				GCC_PRECOMPILE_PREFIX_HEADER = YES;
				GCC_PREFIX_HEADER = "Dr Ngoo/Dr Ngoo-Prefix.pch";
				INFOPLIST_FILE = "Dr Ngoo/Dr Ngoo-Info.plist";
				PRODUCT_NAME = "$(TARGET_NAME)";
				WRAPPER_EXTENSION = app;
			};
			name = Debug;
		};
		030F4BFB1507C2E200238A79 /* Release */ = {
			isa = XCBuildConfiguration;
			buildSettings = {
				GCC_PRECOMPILE_PREFIX_HEADER = YES;
				GCC_PREFIX_HEADER = "Dr Ngoo/Dr Ngoo-Prefix.pch";
				INFOPLIST_FILE = "Dr Ngoo/Dr Ngoo-Info.plist";
				PRODUCT_NAME = "$(TARGET_NAME)";
				WRAPPER_EXTENSION = app;
			};
			name = Release;
		};
/* End XCBuildConfiguration section */

/* Begin XCConfigurationList section */
		030F4BDB1507C2E200238A79 /* Build configuration list for PBXProject "Dr Ngoo" */ = {
			isa = XCConfigurationList;
			buildConfigurations = (
				030F4BF71507C2E200238A79 /* Debug */,
				030F4BF81507C2E200238A79 /* Release */,
			);
			defaultConfigurationIsVisible = 0;
			defaultConfigurationName = Release;
		};
		030F4BF91507C2E200238A79 /* Build configuration list for PBXNativeTarget "Dr Ngoo" */ = {
			isa = XCConfigurationList;
			buildConfigurations = (
				030F4BFA1507C2E200238A79 /* Debug */,
				030F4BFB1507C2E200238A79 /* Release */,
			);
			defaultConfigurationIsVisible = 0;
			defaultConfigurationName = Release;
		};
/* End XCConfigurationList section */
	};
	rootObject = 030F4BD81507C2E200238A79 /* Project object */;
}
